{
  "requires": true,
  "lockfileVersion": 1,
  "dependencies": {
    "sax": {
      "version": "0.5.8",
      "resolved": "https://registry.npmjs.org/sax/-/sax-0.5.8.tgz",
      "integrity": "sha1-1HLbIo6zMcJQaw6MFVJK25OdEsE="
    },
    "xmlreader": {
      "version": "0.2.3",
      "resolved": "https://registry.npmjs.org/xmlreader/-/xmlreader-0.2.3.tgz",
      "integrity": "sha1-hldutdV5Wabe5+0os8vRw1Wdy5A=",
      "requires": {
        "sax": "~0.5.2"
      }
    }
  }
}
